Microsoft Visual Studio Solution File, Format Version 12.00
# Visual Studio Version 17
VisualStudioVersion = 17.5.2.0
MinimumVisualStudioVersion = 10.0.40219.1
Project("{2150E333-8FDC-42A3-9474-1A3956D46DE8}") = "MyNUnitTestProject", "MyNUnitTestProject", "{AC0838F8-0BE8-2106-2580-85CC2C3152CC}"
EndProject
Project("{FAE04EC0-301F-11D3-BF4B-00C04F79EFBC}") = "MyNUnitTestProject.Tests", "MyNUnitTestProject\tests\MyNUnitTestProject.Tests.csproj", "{35232967-4817-BB01-B714-34CB0958D795}"
EndProject
Project("{FAE04EC0-301F-11D3-BF4B-00C04F79EFBC}") = "MyNUnitTestProject", "MyNUnitTestProject\src\MyNUnitTestProject.csproj", "{16BEB04D-2609-2700-D079-F5F1FF019400}"
EndProject
Global
	GlobalSection(SolutionConfigurationPlatforms) = preSolution
		Debug|Any CPU = Debug|Any CPU
		Release|Any CPU = Release|Any CPU
	EndGlobalSection
	GlobalSection(ProjectConfigurationPlatforms) = postSolution
		{35232967-4817-BB01-B714-34CB0958D795}.Debug|Any CPU.ActiveCfg = Debug|Any CPU
		{35232967-4817-BB01-B714-34CB0958D795}.Debug|Any CPU.Build.0 = Debug|Any CPU
		{35232967-4817-BB01-B714-34CB0958D795}.Release|Any CPU.ActiveCfg = Release|Any CPU
		{35232967-4817-BB01-B714-34CB0958D795}.Release|Any CPU.Build.0 = Release|Any CPU
		{16BEB04D-2609-2700-D079-F5F1FF019400}.Debug|Any CPU.ActiveCfg = Debug|Any CPU
		{16BEB04D-2609-2700-D079-F5F1FF019400}.Debug|Any CPU.Build.0 = Debug|Any CPU
		{16BEB04D-2609-2700-D079-F5F1FF019400}.Release|Any CPU.ActiveCfg = Release|Any CPU
		{16BEB04D-2609-2700-D079-F5F1FF019400}.Release|Any CPU.Build.0 = Release|Any CPU
	EndGlobalSection
	GlobalSection(SolutionProperties) = preSolution
		HideSolutionNode = FALSE
	EndGlobalSection
	GlobalSection(NestedProjects) = preSolution
		{35232967-4817-BB01-B714-34CB0958D795} = {AC0838F8-0BE8-2106-2580-85CC2C3152CC}
		{16BEB04D-2609-2700-D079-F5F1FF019400} = {AC0838F8-0BE8-2106-2580-85CC2C3152CC}
	EndGlobalSection
	GlobalSection(ExtensibilityGlobals) = postSolution
		SolutionGuid = {6380352F-17BA-4981-AE2D-1CBF904E20B4}
	EndGlobalSection
EndGlobal
